
Microsoft Visual Studio Solution File, Format Version 12.00
# Visual Studio 15
VisualStudioVersion = 15.0.27703.2035
MinimumVisualStudioVersion = 10.0.40219.1
Project("{FAE04EC0-301F-11D3-BF4B-00C04F79EFBC}") = "MusicPlayer_asp", "MusicPlayer_asp\MusicPlayer_asp.csproj", "{6874620A-4B07-40B6-8C37-105578D00492}"
EndProject
Global
	GlobalSection(SolutionConfigurationPlatforms) = preSolution
		Debug|Any CPU = Debug|Any CPU
		Release|Any CPU = Release|Any CPU
	EndGlobalSection
	GlobalSection(ProjectConfigurationPlatforms) = postSolution
		{6874620A-4B07-40B6-8C37-105578D00492}.Debug|Any CPU.ActiveCfg = Debug|Any CPU
		{6874620A-4B07-40B6-8C37-105578D00492}.Debug|Any CPU.Build.0 = Debug|Any CPU
		{6874620A-4B07-40B6-8C37-105578D00492}.Release|Any CPU.ActiveCfg = Release|Any CPU
		{6874620A-4B07-40B6-8C37-105578D00492}.Release|Any CPU.Build.0 = Release|Any CPU
	EndGlobalSection
	GlobalSection(SolutionProperties) = preSolution
		HideSolutionNode = FALSE
	EndGlobalSection
	GlobalSection(ExtensibilityGlobals) = postSolution
		SolutionGuid = {AEA36BEE-9C2A-49BD-BC96-F1F20BB1F068}
	EndGlobalSection
EndGlobal
